PODS:
  - ReSwift (5.0.0)

DEPENDENCIES:
  - ReSwift (from `https://github.com/ReSwift/ReSwift.git`, branch `master`)

EXTERNAL SOURCES:
  ReSwift:
    :branch: master
    :git: https://github.com/ReSwift/ReSwift.git

CHECKOUT OPTIONS:
  ReSwift:
    :commit: b5b1fcc401053ef03a880722250514526d1a9ad6
    :git: https://github.com/ReSwift/ReSwift.git

SPEC CHECKSUMS:
  ReSwift: 820555642f938e2e6c79f3ff75d70a2f45d4ef80

PODFILE CHECKSUM: 547f809016261cfa217494e9778b827c4228f633

COCOAPODS: 1.7.3
